
Microsoft Visual Studio Solution File, Format Version 12.00
# Visual Studio 2017
Project("{FAE04EC0-301F-11D3-BF4B-00C04F79EFBC}") = "com.unity.postprocessing.Runtime", "com.unity.postprocessing.Runtime.csproj", "{43CE4B77-0ED1-06DF-D6D8-916516C0693A}"
EndProject
Project("{FAE04EC0-301F-11D3-BF4B-00C04F79EFBC}") = "project-root.Plugins", "project-root.Plugins.csproj", "{34C39F0A-EE8D-8D15-C9A1-B15E7A0DFB76}"
EndProject
Project("{FAE04EC0-301F-11D3-BF4B-00C04F79EFBC}") = "project-root", "project-root.csproj", "{9019A067-3BA6-D02A-E0B9-822FB0B2396C}"
EndProject
Project("{FAE04EC0-301F-11D3-BF4B-00C04F79EFBC}") = "project-root.Editor.Plugins", "project-root.Editor.Plugins.csproj", "{A6731AE9-1EFC-B8CC-D9B9-C5B33FE1E08A}"
EndProject
Project("{FAE04EC0-301F-11D3-BF4B-00C04F79EFBC}") = "com.unity.postprocessing.Editor", "com.unity.postprocessing.Editor.csproj", "{8C3967EF-EA5C-CD2A-F191-ADB2A5FEC7D2}"
EndProject
Global
	GlobalSection(SolutionConfigurationPlatforms) = preSolution
		Debug|Any CPU = Debug|Any CPU
		Release|Any CPU = Release|Any CPU
	EndGlobalSection
	GlobalSection(ProjectConfigurationPlatforms) = postSolution
		{43CE4B77-0ED1-06DF-D6D8-916516C0693A}.Debug|Any CPU.ActiveCfg = Debug|Any CPU
		{43CE4B77-0ED1-06DF-D6D8-916516C0693A}.Debug|Any CPU.Build.0 = Debug|Any CPU
		{43CE4B77-0ED1-06DF-D6D8-916516C0693A}.Release|Any CPU.ActiveCfg = Release|Any CPU
		{43CE4B77-0ED1-06DF-D6D8-916516C0693A}.Release|Any CPU.Build.0 = Release|Any CPU
		{34C39F0A-EE8D-8D15-C9A1-B15E7A0DFB76}.Debug|Any CPU.ActiveCfg = Debug|Any CPU
		{34C39F0A-EE8D-8D15-C9A1-B15E7A0DFB76}.Debug|Any CPU.Build.0 = Debug|Any CPU
		{34C39F0A-EE8D-8D15-C9A1-B15E7A0DFB76}.Release|Any CPU.ActiveCfg = Release|Any CPU
		{34C39F0A-EE8D-8D15-C9A1-B15E7A0DFB76}.Release|Any CPU.Build.0 = Release|Any CPU
		{9019A067-3BA6-D02A-E0B9-822FB0B2396C}.Debug|Any CPU.ActiveCfg = Debug|Any CPU
		{9019A067-3BA6-D02A-E0B9-822FB0B2396C}.Debug|Any CPU.Build.0 = Debug|Any CPU
		{9019A067-3BA6-D02A-E0B9-822FB0B2396C}.Release|Any CPU.ActiveCfg = Release|Any CPU
		{9019A067-3BA6-D02A-E0B9-822FB0B2396C}.Release|Any CPU.Build.0 = Release|Any CPU
		{A6731AE9-1EFC-B8CC-D9B9-C5B33FE1E08A}.Debug|Any CPU.ActiveCfg = Debug|Any CPU
		{A6731AE9-1EFC-B8CC-D9B9-C5B33FE1E08A}.Debug|Any CPU.Build.0 = Debug|Any CPU
		{A6731AE9-1EFC-B8CC-D9B9-C5B33FE1E08A}.Release|Any CPU.ActiveCfg = Release|Any CPU
		{A6731AE9-1EFC-B8CC-D9B9-C5B33FE1E08A}.Release|Any CPU.Build.0 = Release|Any CPU
		{8C3967EF-EA5C-CD2A-F191-ADB2A5FEC7D2}.Debug|Any CPU.ActiveCfg = Debug|Any CPU
		{8C3967EF-EA5C-CD2A-F191-ADB2A5FEC7D2}.Debug|Any CPU.Build.0 = Debug|Any CPU
		{8C3967EF-EA5C-CD2A-F191-ADB2A5FEC7D2}.Release|Any CPU.ActiveCfg = Release|Any CPU
		{8C3967EF-EA5C-CD2A-F191-ADB2A5FEC7D2}.Release|Any CPU.Build.0 = Release|Any CPU
	EndGlobalSection
	GlobalSection(SolutionProperties) = preSolution
		HideSolutionNode = FALSE
	EndGlobalSection
EndGlobal
