
Microsoft Visual Studio Solution File, Format Version 12.00
# Visual Studio 2017
Project("{FAE04EC0-301F-11D3-BF4B-00C04F79EFBC}") = "com.unity.postprocessing.Runtime", "com.unity.postprocessing.Runtime.csproj", "{43CE4B77-0ED1-06DF-D6D8-916516C0693A}"
EndProject
Project("{FAE04EC0-301F-11D3-BF4B-00C04F79EFBC}") = "huntfell.Plugins", "huntfell.Plugins.csproj", "{D7771C63-3859-8EE7-4924-4F76BC83E1BC}"
EndProject
Project("{FAE04EC0-301F-11D3-BF4B-00C04F79EFBC}") = "huntfell", "huntfell.csproj", "{0F621A63-F44E-04DD-05D6-446F20FF3A67}"
EndProject
Project("{FAE04EC0-301F-11D3-BF4B-00C04F79EFBC}") = "huntfell.Editor.Plugins", "huntfell.Editor.Plugins.csproj", "{9A245538-C61C-A50B-FF2A-AA4F2BEBEA6F}"
EndProject
Project("{FAE04EC0-301F-11D3-BF4B-00C04F79EFBC}") = "com.unity.postprocessing.Editor", "com.unity.postprocessing.Editor.csproj", "{8C3967EF-EA5C-CD2A-F191-ADB2A5FEC7D2}"
EndProject
Project("{FAE04EC0-301F-11D3-BF4B-00C04F79EFBC}") = "huntfell.Editor", "huntfell.Editor.csproj", "{D13F6E10-EB9C-AF54-2B11-0718A3BE8761}"
EndProject
Global
	GlobalSection(SolutionConfigurationPlatforms) = preSolution
		Debug|Any CPU = Debug|Any CPU
		Release|Any CPU = Release|Any CPU
	EndGlobalSection
	GlobalSection(ProjectConfigurationPlatforms) = postSolution
		{43CE4B77-0ED1-06DF-D6D8-916516C0693A}.Debug|Any CPU.ActiveCfg = Debug|Any CPU
		{43CE4B77-0ED1-06DF-D6D8-916516C0693A}.Debug|Any CPU.Build.0 = Debug|Any CPU
		{43CE4B77-0ED1-06DF-D6D8-916516C0693A}.Release|Any CPU.ActiveCfg = Release|Any CPU
		{43CE4B77-0ED1-06DF-D6D8-916516C0693A}.Release|Any CPU.Build.0 = Release|Any CPU
		{D7771C63-3859-8EE7-4924-4F76BC83E1BC}.Debug|Any CPU.ActiveCfg = Debug|Any CPU
		{D7771C63-3859-8EE7-4924-4F76BC83E1BC}.Debug|Any CPU.Build.0 = Debug|Any CPU
		{D7771C63-3859-8EE7-4924-4F76BC83E1BC}.Release|Any CPU.ActiveCfg = Release|Any CPU
		{D7771C63-3859-8EE7-4924-4F76BC83E1BC}.Release|Any CPU.Build.0 = Release|Any CPU
		{0F621A63-F44E-04DD-05D6-446F20FF3A67}.Debug|Any CPU.ActiveCfg = Debug|Any CPU
		{0F621A63-F44E-04DD-05D6-446F20FF3A67}.Debug|Any CPU.Build.0 = Debug|Any CPU
		{0F621A63-F44E-04DD-05D6-446F20FF3A67}.Release|Any CPU.ActiveCfg = Release|Any CPU
		{0F621A63-F44E-04DD-05D6-446F20FF3A67}.Release|Any CPU.Build.0 = Release|Any CPU
		{9A245538-C61C-A50B-FF2A-AA4F2BEBEA6F}.Debug|Any CPU.ActiveCfg = Debug|Any CPU
		{9A245538-C61C-A50B-FF2A-AA4F2BEBEA6F}.Debug|Any CPU.Build.0 = Debug|Any CPU
		{9A245538-C61C-A50B-FF2A-AA4F2BEBEA6F}.Release|Any CPU.ActiveCfg = Release|Any CPU
		{9A245538-C61C-A50B-FF2A-AA4F2BEBEA6F}.Release|Any CPU.Build.0 = Release|Any CPU
		{8C3967EF-EA5C-CD2A-F191-ADB2A5FEC7D2}.Debug|Any CPU.ActiveCfg = Debug|Any CPU
		{8C3967EF-EA5C-CD2A-F191-ADB2A5FEC7D2}.Debug|Any CPU.Build.0 = Debug|Any CPU
		{8C3967EF-EA5C-CD2A-F191-ADB2A5FEC7D2}.Release|Any CPU.ActiveCfg = Release|Any CPU
		{8C3967EF-EA5C-CD2A-F191-ADB2A5FEC7D2}.Release|Any CPU.Build.0 = Release|Any CPU
		{D13F6E10-EB9C-AF54-2B11-0718A3BE8761}.Debug|Any CPU.ActiveCfg = Debug|Any CPU
		{D13F6E10-EB9C-AF54-2B11-0718A3BE8761}.Debug|Any CPU.Build.0 = Debug|Any CPU
		{D13F6E10-EB9C-AF54-2B11-0718A3BE8761}.Release|Any CPU.ActiveCfg = Release|Any CPU
		{D13F6E10-EB9C-AF54-2B11-0718A3BE8761}.Release|Any CPU.Build.0 = Release|Any CPU
	EndGlobalSection
	GlobalSection(SolutionProperties) = preSolution
		HideSolutionNode = FALSE
	EndGlobalSection
EndGlobal
