
Microsoft Visual Studio Solution File, Format Version 12.00
# Visual Studio 2017
Project("{FAE04EC0-301F-11D3-BF4B-00C04F79EFBC}") = "com.unity.postprocessing.Runtime", "com.unity.postprocessing.Runtime.csproj", "{43CE4B77-0ED1-06DF-D6D8-916516C0693A}"
EndProject
Project("{FAE04EC0-301F-11D3-BF4B-00C04F79EFBC}") = "paranormal-hunter.Plugins", "paranormal-hunter.Plugins.csproj", "{473AC588-1F5D-B2C7-8D4C-D28C6E7BF37B}"
EndProject
Project("{FAE04EC0-301F-11D3-BF4B-00C04F79EFBC}") = "paranormal-hunter", "paranormal-hunter.csproj", "{BC172D88-B375-7620-D641-3F409BF88ABA}"
EndProject
Project("{FAE04EC0-301F-11D3-BF4B-00C04F79EFBC}") = "paranormal-hunter.Editor.Plugins", "paranormal-hunter.Editor.Plugins.csproj", "{9A64BE72-8799-9097-7772-919CCB8C8924}"
EndProject
Project("{FAE04EC0-301F-11D3-BF4B-00C04F79EFBC}") = "com.unity.postprocessing.Editor", "com.unity.postprocessing.Editor.csproj", "{8C3967EF-EA5C-CD2A-F191-ADB2A5FEC7D2}"
EndProject
<<<<<<< HEAD
=======
Project("{FAE04EC0-301F-11D3-BF4B-00C04F79EFBC}") = "paranormal-hunter.Editor", "paranormal-hunter.Editor.csproj", "{3E87F8AB-F2E3-4AFF-E3A5-F92686907DC7}"
EndProject
>>>>>>> development
Global
	GlobalSection(SolutionConfigurationPlatforms) = preSolution
		Debug|Any CPU = Debug|Any CPU
		Release|Any CPU = Release|Any CPU
	EndGlobalSection
	GlobalSection(ProjectConfigurationPlatforms) = postSolution
		{43CE4B77-0ED1-06DF-D6D8-916516C0693A}.Debug|Any CPU.ActiveCfg = Debug|Any CPU
		{43CE4B77-0ED1-06DF-D6D8-916516C0693A}.Debug|Any CPU.Build.0 = Debug|Any CPU
		{43CE4B77-0ED1-06DF-D6D8-916516C0693A}.Release|Any CPU.ActiveCfg = Release|Any CPU
		{43CE4B77-0ED1-06DF-D6D8-916516C0693A}.Release|Any CPU.Build.0 = Release|Any CPU
		{473AC588-1F5D-B2C7-8D4C-D28C6E7BF37B}.Debug|Any CPU.ActiveCfg = Debug|Any CPU
		{473AC588-1F5D-B2C7-8D4C-D28C6E7BF37B}.Debug|Any CPU.Build.0 = Debug|Any CPU
		{473AC588-1F5D-B2C7-8D4C-D28C6E7BF37B}.Release|Any CPU.ActiveCfg = Release|Any CPU
		{473AC588-1F5D-B2C7-8D4C-D28C6E7BF37B}.Release|Any CPU.Build.0 = Release|Any CPU
		{BC172D88-B375-7620-D641-3F409BF88ABA}.Debug|Any CPU.ActiveCfg = Debug|Any CPU
		{BC172D88-B375-7620-D641-3F409BF88ABA}.Debug|Any CPU.Build.0 = Debug|Any CPU
		{BC172D88-B375-7620-D641-3F409BF88ABA}.Release|Any CPU.ActiveCfg = Release|Any CPU
		{BC172D88-B375-7620-D641-3F409BF88ABA}.Release|Any CPU.Build.0 = Release|Any CPU
		{9A64BE72-8799-9097-7772-919CCB8C8924}.Debug|Any CPU.ActiveCfg = Debug|Any CPU
		{9A64BE72-8799-9097-7772-919CCB8C8924}.Debug|Any CPU.Build.0 = Debug|Any CPU
		{9A64BE72-8799-9097-7772-919CCB8C8924}.Release|Any CPU.ActiveCfg = Release|Any CPU
		{9A64BE72-8799-9097-7772-919CCB8C8924}.Release|Any CPU.Build.0 = Release|Any CPU
		{8C3967EF-EA5C-CD2A-F191-ADB2A5FEC7D2}.Debug|Any CPU.ActiveCfg = Debug|Any CPU
		{8C3967EF-EA5C-CD2A-F191-ADB2A5FEC7D2}.Debug|Any CPU.Build.0 = Debug|Any CPU
		{8C3967EF-EA5C-CD2A-F191-ADB2A5FEC7D2}.Release|Any CPU.ActiveCfg = Release|Any CPU
		{8C3967EF-EA5C-CD2A-F191-ADB2A5FEC7D2}.Release|Any CPU.Build.0 = Release|Any CPU
<<<<<<< HEAD
=======
		{3E87F8AB-F2E3-4AFF-E3A5-F92686907DC7}.Debug|Any CPU.ActiveCfg = Debug|Any CPU
		{3E87F8AB-F2E3-4AFF-E3A5-F92686907DC7}.Debug|Any CPU.Build.0 = Debug|Any CPU
		{3E87F8AB-F2E3-4AFF-E3A5-F92686907DC7}.Release|Any CPU.ActiveCfg = Release|Any CPU
		{3E87F8AB-F2E3-4AFF-E3A5-F92686907DC7}.Release|Any CPU.Build.0 = Release|Any CPU
>>>>>>> development
	EndGlobalSection
	GlobalSection(SolutionProperties) = preSolution
		HideSolutionNode = FALSE
	EndGlobalSection
EndGlobal
